
Microsoft Visual Studio Solution File, Format Version 11.00
# Visual Studio 2010
Project("{F2A71F9B-5D33-465A-A702-920D77279786}") = "App", "App\App.fsproj", "{95E76828-7156-41C4-9B42-2924F4F348F0}"
EndProject
Project("{FAE04EC0-301F-11D3-BF4B-00C04F79EFBC}") = "AppHost", "AppHost\AppHost.csproj", "{20217EB2-BF15-4230-AA78-BD20DD75AD11}"
EndProject
Global
	GlobalSection(SolutionConfigurationPlatforms) = preSolution
		Debug|Any CPU = Debug|Any CPU
		Release|Any CPU = Release|Any CPU
	EndGlobalSection
	GlobalSection(ProjectConfigurationPlatforms) = postSolution
		{95E76828-7156-41C4-9B42-2924F4F348F0}.Debug|Any CPU.ActiveCfg = Debug|Any CPU
		{95E76828-7156-41C4-9B42-2924F4F348F0}.Debug|Any CPU.Build.0 = Debug|Any CPU
		{95E76828-7156-41C4-9B42-2924F4F348F0}.Release|Any CPU.ActiveCfg = Release|Any CPU
		{95E76828-7156-41C4-9B42-2924F4F348F0}.Release|Any CPU.Build.0 = Release|Any CPU
		{20217EB2-BF15-4230-AA78-BD20DD75AD11}.Debug|Any CPU.ActiveCfg = Debug|Any CPU
		{20217EB2-BF15-4230-AA78-BD20DD75AD11}.Debug|Any CPU.Build.0 = Debug|Any CPU
		{20217EB2-BF15-4230-AA78-BD20DD75AD11}.Debug|Any CPU.Deploy.0 = Debug|Any CPU
		{20217EB2-BF15-4230-AA78-BD20DD75AD11}.Release|Any CPU.ActiveCfg = Release|Any CPU
		{20217EB2-BF15-4230-AA78-BD20DD75AD11}.Release|Any CPU.Build.0 = Release|Any CPU
		{20217EB2-BF15-4230-AA78-BD20DD75AD11}.Release|Any CPU.Deploy.0 = Release|Any CPU
	EndGlobalSection
	GlobalSection(SolutionProperties) = preSolution
		HideSolutionNode = FALSE
	EndGlobalSection
EndGlobal
